
Microsoft Visual Studio Solution File, Format Version 12.00
# Visual Studio Version 17
VisualStudioVersion = 17.7.34018.315
MinimumVisualStudioVersion = 10.0.40219.1
Project("{FAE04EC0-301F-11D3-BF4B-00C04F79EFBC}") = "Dropbox.Core", "Dropbox.Core\Dropbox.Core.csproj", "{4DF97F2B-FEDE-4322-AD66-5B94F8D6C8CC}"
EndProject
Project("{FAE04EC0-301F-11D3-BF4B-00C04F79EFBC}") = "Dropbox.UI", "Dropbox.UI\Dropbox.UI.csproj", "{1075268A-2BF2-4925-B378-BE9BD6B0E30E}"
EndProject
Project("{FAE04EC0-301F-11D3-BF4B-00C04F79EFBC}") = "Dropbox.API", "Dropbox.API\Dropbox.API.csproj", "{8011BA24-9C6D-41E5-8541-E73DCD21BC13}"
EndProject
Project("{FAE04EC0-301F-11D3-BF4B-00C04F79EFBC}") = "Dropbox.Tests", "Dropbox.Tests\Dropbox.Tests.csproj", "{D99C009A-80F9-487D-847B-F31FD3C4EF3E}"
EndProject
Global
	GlobalSection(SolutionConfigurationPlatforms) = preSolution
		Debug|Any CPU = Debug|Any CPU
		Release|Any CPU = Release|Any CPU
	EndGlobalSection
	GlobalSection(ProjectConfigurationPlatforms) = postSolution
		{4DF97F2B-FEDE-4322-AD66-5B94F8D6C8CC}.Debug|Any CPU.ActiveCfg = Debug|Any CPU
		{4DF97F2B-FEDE-4322-AD66-5B94F8D6C8CC}.Debug|Any CPU.Build.0 = Debug|Any CPU
		{4DF97F2B-FEDE-4322-AD66-5B94F8D6C8CC}.Release|Any CPU.ActiveCfg = Release|Any CPU
		{4DF97F2B-FEDE-4322-AD66-5B94F8D6C8CC}.Release|Any CPU.Build.0 = Release|Any CPU
		{1075268A-2BF2-4925-B378-BE9BD6B0E30E}.Debug|Any CPU.ActiveCfg = Debug|Any CPU
		{1075268A-2BF2-4925-B378-BE9BD6B0E30E}.Debug|Any CPU.Build.0 = Debug|Any CPU
		{1075268A-2BF2-4925-B378-BE9BD6B0E30E}.Release|Any CPU.ActiveCfg = Release|Any CPU
		{1075268A-2BF2-4925-B378-BE9BD6B0E30E}.Release|Any CPU.Build.0 = Release|Any CPU
		{8011BA24-9C6D-41E5-8541-E73DCD21BC13}.Debug|Any CPU.ActiveCfg = Debug|Any CPU
		{8011BA24-9C6D-41E5-8541-E73DCD21BC13}.Debug|Any CPU.Build.0 = Debug|Any CPU
		{8011BA24-9C6D-41E5-8541-E73DCD21BC13}.Release|Any CPU.ActiveCfg = Release|Any CPU
		{8011BA24-9C6D-41E5-8541-E73DCD21BC13}.Release|Any CPU.Build.0 = Release|Any CPU
		{D99C009A-80F9-487D-847B-F31FD3C4EF3E}.Debug|Any CPU.ActiveCfg = Debug|Any CPU
		{D99C009A-80F9-487D-847B-F31FD3C4EF3E}.Debug|Any CPU.Build.0 = Debug|Any CPU
		{D99C009A-80F9-487D-847B-F31FD3C4EF3E}.Release|Any CPU.ActiveCfg = Release|Any CPU
		{D99C009A-80F9-487D-847B-F31FD3C4EF3E}.Release|Any CPU.Build.0 = Release|Any CPU
	EndGlobalSection
	GlobalSection(SolutionProperties) = preSolution
		HideSolutionNode = FALSE
	EndGlobalSection
	GlobalSection(ExtensibilityGlobals) = postSolution
		SolutionGuid = {6A55A3BD-AFE9-4E47-9B2E-52F3C8F7A812}
	EndGlobalSection
EndGlobal
